<?xml version="1.0" encoding="UTF-8"?>
<Project ToolsVersion="12.0" xmlns="http://schemas.microsoft.com/developer/msbuild/2003">
  <ItemGroup>
    <ClCompile Include="C:\myproject\fastestpedestriandetectorinthewest\src\classifier.cpp">
      <Filter>Source Files</Filter>
    </ClCompile>
    <ClCompile Include="C:\myproject\fastestpedestriandetectorinthewest\src\cutils.cpp">
      <Filter>Source Files</Filter>
    </ClCompile>
    <ClCompile Include="C:\myproject\fastestpedestriandetectorinthewest\src\fpdw_detector.cpp">
      <Filter>Source Files</Filter>
    </ClCompile>
    <ClCompile Include="C:\myproject\fastestpedestriandetectorinthewest\src\main.cpp">
      <Filter>Source Files</Filter>
    </ClCompile>
    <ClCompile Include="C:\myproject\fastestpedestriandetectorinthewest\src\nms.cpp">
      <Filter>Source Files</Filter>
    </ClCompile>
    <ClCompile Include="C:\myproject\fastestpedestriandetectorinthewest\src\utils.cpp">
      <Filter>Source Files</Filter>
    </ClCompile>
  </ItemGroup>
  <ItemGroup>
    <CustomBuild Include="C:\myproject\fastestpedestriandetectorinthewest\CMakeLists.txt" />
  </ItemGroup>
  <ItemGroup>
    <Filter Include="Source Files">
      <UniqueIdentifier>{D8C38822-4F3A-3B2D-893E-5CAC644932F0}</UniqueIdentifier>
    </Filter>
  </ItemGroup>
</Project>
